
Microsoft Visual Studio Solution File, Format Version 12.00
# Visual Studio 15
VisualStudioVersion = 15.0.27703.2018
MinimumVisualStudioVersion = 10.0.40219.1
Project("{FAE04EC0-301F-11D3-BF4B-00C04F79EFBC}") = "StatusMonitorWPF", "StatusMonitorWPF\StatusMonitorWPF.csproj", "{B7F9B369-5B6E-457D-AD4E-8F3B7E2F3F31}"
EndProject
Project("{FAE04EC0-301F-11D3-BF4B-00C04F79EFBC}") = "LogicLibrary", "LogicLibrary\LogicLibrary.csproj", "{6A09BD55-DCB1-44F3-B8AF-9865ACE5C588}"
EndProject
Global
	GlobalSection(SolutionConfigurationPlatforms) = preSolution
		Debug|Any CPU = Debug|Any CPU
		Release|Any CPU = Release|Any CPU
	EndGlobalSection
	GlobalSection(ProjectConfigurationPlatforms) = postSolution
		{B7F9B369-5B6E-457D-AD4E-8F3B7E2F3F31}.Debug|Any CPU.ActiveCfg = Debug|Any CPU
		{B7F9B369-5B6E-457D-AD4E-8F3B7E2F3F31}.Debug|Any CPU.Build.0 = Debug|Any CPU
		{B7F9B369-5B6E-457D-AD4E-8F3B7E2F3F31}.Release|Any CPU.ActiveCfg = Release|Any CPU
		{B7F9B369-5B6E-457D-AD4E-8F3B7E2F3F31}.Release|Any CPU.Build.0 = Release|Any CPU
		{6A09BD55-DCB1-44F3-B8AF-9865ACE5C588}.Debug|Any CPU.ActiveCfg = Debug|Any CPU
		{6A09BD55-DCB1-44F3-B8AF-9865ACE5C588}.Debug|Any CPU.Build.0 = Debug|Any CPU
		{6A09BD55-DCB1-44F3-B8AF-9865ACE5C588}.Release|Any CPU.ActiveCfg = Release|Any CPU
		{6A09BD55-DCB1-44F3-B8AF-9865ACE5C588}.Release|Any CPU.Build.0 = Release|Any CPU
	EndGlobalSection
	GlobalSection(SolutionProperties) = preSolution
		HideSolutionNode = FALSE
	EndGlobalSection
	GlobalSection(ExtensibilityGlobals) = postSolution
		SolutionGuid = {001C7142-459B-463A-A891-8FA47C029D8D}
	EndGlobalSection
EndGlobal
